
Microsoft Visual Studio Solution File, Format Version 12.00
# Visual Studio 15
VisualStudioVersion = 15.0.27703.2035
MinimumVisualStudioVersion = 10.0.40219.1
Project("{FAE04EC0-301F-11D3-BF4B-00C04F79EFBC}") = "WebApplication1", "WebApplication1\WebApplication1.csproj", "{0F66F452-E664-412B-B176-4EAF4FFB253B}"
EndProject
Global
	GlobalSection(SolutionConfigurationPlatforms) = preSolution
		Debug|Any CPU = Debug|Any CPU
		Release|Any CPU = Release|Any CPU
	EndGlobalSection
	GlobalSection(ProjectConfigurationPlatforms) = postSolution
		{0F66F452-E664-412B-B176-4EAF4FFB253B}.Debug|Any CPU.ActiveCfg = Debug|Any CPU
		{0F66F452-E664-412B-B176-4EAF4FFB253B}.Debug|Any CPU.Build.0 = Debug|Any CPU
		{0F66F452-E664-412B-B176-4EAF4FFB253B}.Release|Any CPU.ActiveCfg = Release|Any CPU
		{0F66F452-E664-412B-B176-4EAF4FFB253B}.Release|Any CPU.Build.0 = Release|Any CPU
	EndGlobalSection
	GlobalSection(SolutionProperties) = preSolution
		HideSolutionNode = FALSE
	EndGlobalSection
	GlobalSection(ExtensibilityGlobals) = postSolution
		SolutionGuid = {63CA96C5-C866-4E6F-A0A0-A25488DBA4E6}
	EndGlobalSection
EndGlobal
